// !$*UTF8*$!
{
	archiveVersion = 1;
	classes = {
	};
	objectVersion = 55;
	objects = {

/* Begin PBXBuildFile section */
		A9D0141E2817D1FE0033ED46 /* AppDelegate.swift in Sources */ = {isa = PBXBuildFile; fileRef = A9D0141D2817D1FE0033ED46 /* AppDelegate.swift */; };
		A9D014202817D1FE0033ED46 /* SceneDelegate.swift in Sources */ = {isa = PBXBuildFile; fileRef = A9D0141F2817D1FE0033ED46 /* SceneDelegate.swift */; };
		A9D014222817D1FE0033ED46 /* SelectionViewController.swift in Sources */ = {isa = PBXBuildFile; fileRef = A9D014212817D1FE0033ED46 /* SelectionViewController.swift */; };
		A9D014252817D1FE0033ED46 /* Main.storyboard in Resources */ = {isa = PBXBuildFile; fileRef = A9D014232817D1FE0033ED46 /* Main.storyboard */; };
		A9D0142A2817D1FF0033ED46 /* Assets.xcassets in Resources */ = {isa = PBXBuildFile; fileRef = A9D014292817D1FF0033ED46 /* Assets.xcassets */; };
		A9D0142D2817D1FF0033ED46 /* LaunchScreen.storyboard in Resources */ = {isa = PBXBuildFile; fileRef = A9D0142B2817D1FF0033ED46 /* LaunchScreen.storyboard */; };
		A9D014382818BDF50033ED46 /* Selection.storyboard in Resources */ = {isa = PBXBuildFile; fileRef = A9D014362818BDF50033ED46 /* Selection.storyboard */; };
		A9D0143A2818BE140033ED46 /* Selected.storyboard in Resources */ = {isa = PBXBuildFile; fileRef = A9D014392818BE140033ED46 /* Selected.storyboard */; };
		A9D0143D2818BE6B0033ED46 /* SelectedViewController.swift in Sources */ = {isa = PBXBuildFile; fileRef = A9D0143C2818BE6A0033ED46 /* SelectedViewController.swift */; };
		A9D014442818C7390033ED46 /* ItemTableCell.swift in Sources */ = {isa = PBXBuildFile; fileRef = A9D014432818C7390033ED46 /* ItemTableCell.swift */; };
		A9D014472818D2360033ED46 /* AddItem.storyboard in Resources */ = {isa = PBXBuildFile; fileRef = A9D014452818D2360033ED46 /* AddItem.storyboard */; };
		A9D014492818DA140033ED46 /* AddItemViewController.swift in Sources */ = {isa = PBXBuildFile; fileRef = A9D014482818DA140033ED46 /* AddItemViewController.swift */; };
		A9D0144E28194B140033ED46 /* Kaipa.xcdatamodeld in Sources */ = {isa = PBXBuildFile; fileRef = A9D0144C28194B140033ED46 /* Kaipa.xcdatamodeld */; };
		A9D01451281A824F0033ED46 /* Detail.storyboard in Resources */ = {isa = PBXBuildFile; fileRef = A9D0144F281A824F0033ED46 /* Detail.storyboard */; };
		A9D01453281A84C90033ED46 /* DetailViewController.swift in Sources */ = {isa = PBXBuildFile; fileRef = A9D01452281A84C90033ED46 /* DetailViewController.swift */; };
/* End PBXBuildFile section */

/* Begin PBXFileReference section */
		A9D0141A2817D1FE0033ED46 /* Kaipa.app */ = {isa = PBXFileReference; explicitFileType = wrapper.application; includeInIndex = 0; path = Kaipa.app; sourceTree = BUILT_PRODUCTS_DIR; };
		A9D0141D2817D1FE0033ED46 /* AppDelegate.swift */ = {isa = PBXFileReference; lastKnownFileType = sourcecode.swift; path = AppDelegate.swift; sourceTree = "<group>"; };
		A9D0141F2817D1FE0033ED46 /* SceneDelegate.swift */ = {isa = PBXFileReference; lastKnownFileType = sourcecode.swift; path = SceneDelegate.swift; sourceTree = "<group>"; };
		A9D014212817D1FE0033ED46 /* SelectionViewController.swift */ = {isa = PBXFileReference; lastKnownFileType = sourcecode.swift; path = SelectionViewController.swift; sourceTree = "<group>"; };
		A9D014242817D1FE0033ED46 /* Base */ = {isa = PBXFileReference; lastKnownFileType = file.storyboard; name = Base; path = Base.lproj/Main.storyboard; sourceTree = "<group>"; };
		A9D014292817D1FF0033ED46 /* Assets.xcassets */ = {isa = PBXFileReference; lastKnownFileType = folder.assetcatalog; path = Assets.xcassets; sourceTree = "<group>"; };
		A9D0142C2817D1FF0033ED46 /* Base */ = {isa = PBXFileReference; lastKnownFileType = file.storyboard; name = Base; path = Base.lproj/LaunchScreen.storyboard; sourceTree = "<group>"; };
		A9D0142E2817D1FF0033ED46 /* Info.plist */ = {isa = PBXFileReference; lastKnownFileType = text.plist.xml; path = Info.plist; sourceTree = "<group>"; };
		A9D014372818BDF50033ED46 /* Base */ = {isa = PBXFileReference; lastKnownFileType = file.storyboard; name = Base; path = Kaipa/Base.lproj/Selection.storyboard; sourceTree = "<group>"; };
		A9D014392818BE140033ED46 /* Selected.storyboard */ = {isa = PBXFileReference; fileEncoding = 4; lastKnownFileType = file.storyboard; path = Selected.storyboard; sourceTree = "<group>"; };
		A9D0143C2818BE6A0033ED46 /* SelectedViewController.swift */ = {isa = PBXFileReference; lastKnownFileType = sourcecode.swift; path = SelectedViewController.swift; sourceTree = "<group>"; };
		A9D014432818C7390033ED46 /* ItemTableCell.swift */ = {isa = PBXFileReference; lastKnownFileType = sourcecode.swift; path = ItemTableCell.swift; sourceTree = "<group>"; };
		A9D014462818D2360033ED46 /* Base */ = {isa = PBXFileReference; lastKnownFileType = file.storyboard; name = Base; path = Kaipa/View/Kaipa/Base.lproj/AddItem.storyboard; sourceTree = "<group>"; };
		A9D014482818DA140033ED46 /* AddItemViewController.swift */ = {isa = PBXFileReference; lastKnownFileType = sourcecode.swift; path = AddItemViewController.swift; sourceTree = "<group>"; };
		A9D0144D28194B140033ED46 /* Kaipa.xcdatamodel */ = {isa = PBXFileReference; lastKnownFileType = wrapper.xcdatamodel; path = Kaipa.xcdatamodel; sourceTree = "<group>"; };
		A9D01450281A824F0033ED46 /* Base */ = {isa = PBXFileReference; lastKnownFileType = file.storyboard; name = Base; path = Kaipa/View/Kaipa/Base.lproj/Detail.storyboard; sourceTree = "<group>"; };
		A9D01452281A84C90033ED46 /* DetailViewController.swift */ = {isa = PBXFileReference; lastKnownFileType = sourcecode.swift; path = DetailViewController.swift; sourceTree = "<group>"; };
/* End PBXFileReference section */

/* Begin PBXFrameworksBuildPhase section */
		A9D014172817D1FE0033ED46 /* Frameworks */ = {
			isa = PBXFrameworksBuildPhase;
			buildActionMask = 2147483647;
			files = (
			);
			runOnlyForDeploymentPostprocessing = 0;
		};
/* End PBXFrameworksBuildPhase section */

/* Begin PBXGroup section */
		A9D014112817D1FE0033ED46 = {
			isa = PBXGroup;
			children = (
				A9D0141C2817D1FE0033ED46 /* Kaipa */,
				A9D0141B2817D1FE0033ED46 /* Products */,
			);
			sourceTree = "<group>";
		};
		A9D0141B2817D1FE0033ED46 /* Products */ = {
			isa = PBXGroup;
			children = (
				A9D0141A2817D1FE0033ED46 /* Kaipa.app */,
			);
			name = Products;
			sourceTree = "<group>";
		};
		A9D0141C2817D1FE0033ED46 /* Kaipa */ = {
			isa = PBXGroup;
			children = (
				A9D0141D2817D1FE0033ED46 /* AppDelegate.swift */,
				A9D0141F2817D1FE0033ED46 /* SceneDelegate.swift */,
				A9D0143F2818C54A0033ED46 /* Model */,
				A9D014422818C5850033ED46 /* View */,
				A9D0143E2818BE760033ED46 /* Controller */,
				A9D014292817D1FF0033ED46 /* Assets.xcassets */,
				A9D0142B2817D1FF0033ED46 /* LaunchScreen.storyboard */,
				A9D0142E2817D1FF0033ED46 /* Info.plist */,
			);
			path = Kaipa;
			sourceTree = "<group>";
		};
		A9D0143E2818BE760033ED46 /* Controller */ = {
			isa = PBXGroup;
			children = (
				A9D0143C2818BE6A0033ED46 /* SelectedViewController.swift */,
				A9D014212817D1FE0033ED46 /* SelectionViewController.swift */,
				A9D014482818DA140033ED46 /* AddItemViewController.swift */,
				A9D014432818C7390033ED46 /* ItemTableCell.swift */,
				A9D01452281A84C90033ED46 /* DetailViewController.swift */,
			);
			path = Controller;
			sourceTree = "<group>";
		};
		A9D0143F2818C54A0033ED46 /* Model */ = {
			isa = PBXGroup;
			children = (
				A9D0144C28194B140033ED46 /* Kaipa.xcdatamodeld */,
			);
			path = Model;
			sourceTree = "<group>";
		};
		A9D014422818C5850033ED46 /* View */ = {
			isa = PBXGroup;
			children = (
				A9D014392818BE140033ED46 /* Selected.storyboard */,
				A9D014362818BDF50033ED46 /* Selection.storyboard */,
				A9D014232817D1FE0033ED46 /* Main.storyboard */,
				A9D0144F281A824F0033ED46 /* Detail.storyboard */,
				A9D014452818D2360033ED46 /* AddItem.storyboard */,
			);
			path = View;
			sourceTree = "<group>";
		};
/* End PBXGroup section */

/* Begin PBXNativeTarget section */
		A9D014192817D1FE0033ED46 /* Kaipa */ = {
			isa = PBXNativeTarget;
			buildConfigurationList = A9D014312817D1FF0033ED46 /* Build configuration list for PBXNativeTarget "Kaipa" */;
			buildPhases = (
				A9D014162817D1FE0033ED46 /* Sources */,
				A9D014172817D1FE0033ED46 /* Frameworks */,
				A9D014182817D1FE0033ED46 /* Resources */,
			);
			buildRules = (
			);
			dependencies = (
			);
			name = Kaipa;
			productName = Kaipa;
			productReference = A9D0141A2817D1FE0033ED46 /* Kaipa.app */;
			productType = "com.apple.product-type.application";
		};
/* End PBXNativeTarget section */

/* Begin PBXProject section */
		A9D014122817D1FE0033ED46 /* Project object */ = {
			isa = PBXProject;
			attributes = {
				BuildIndependentTargetsInParallel = 1;
				LastSwiftUpdateCheck = 1320;
				LastUpgradeCheck = 1320;
				TargetAttributes = {
					A9D014192817D1FE0033ED46 = {
						CreatedOnToolsVersion = 13.2.1;
					};
				};
			};
			buildConfigurationList = A9D014152817D1FE0033ED46 /* Build configuration list for PBXProject "Kaipa" */;
			compatibilityVersion = "Xcode 13.0";
			developmentRegion = en;
			hasScannedForEncodings = 0;
			knownRegions = (
				en,
				Base,
			);
			mainGroup = A9D014112817D1FE0033ED46;
			productRefGroup = A9D0141B2817D1FE0033ED46 /* Products */;
			projectDirPath = "";
			projectRoot = "";
			targets = (
				A9D014192817D1FE0033ED46 /* Kaipa */,
			);
		};
/* End PBXProject section */

/* Begin PBXResourcesBuildPhase section */
		A9D014182817D1FE0033ED46 /* Resources */ = {
			isa = PBXResourcesBuildPhase;
			buildActionMask = 2147483647;
			files = (
				A9D0142D2817D1FF0033ED46 /* LaunchScreen.storyboard in Resources */,
				A9D014472818D2360033ED46 /* AddItem.storyboard in Resources */,
				A9D014382818BDF50033ED46 /* Selection.storyboard in Resources */,
				A9D0142A2817D1FF0033ED46 /* Assets.xcassets in Resources */,
				A9D01451281A824F0033ED46 /* Detail.storyboard in Resources */,
				A9D0143A2818BE140033ED46 /* Selected.storyboard in Resources */,
				A9D014252817D1FE0033ED46 /* Main.storyboard in Resources */,
			);
			runOnlyForDeploymentPostprocessing = 0;
		};
/* End PBXResourcesBuildPhase section */

/* Begin PBXSourcesBuildPhase section */
		A9D014162817D1FE0033ED46 /* Sources */ = {
			isa = PBXSourcesBuildPhase;
			buildActionMask = 2147483647;
			files = (
				A9D0144E28194B140033ED46 /* Kaipa.xcdatamodeld in Sources */,
				A9D014222817D1FE0033ED46 /* SelectionViewController.swift in Sources */,
				A9D0143D2818BE6B0033ED46 /* SelectedViewController.swift in Sources */,
				A9D014492818DA140033ED46 /* AddItemViewController.swift in Sources */,
				A9D0141E2817D1FE0033ED46 /* AppDelegate.swift in Sources */,
				A9D014442818C7390033ED46 /* ItemTableCell.swift in Sources */,
				A9D014202817D1FE0033ED46 /* SceneDelegate.swift in Sources */,
				A9D01453281A84C90033ED46 /* DetailViewController.swift in Sources */,
			);
			runOnlyForDeploymentPostprocessing = 0;
		};
/* End PBXSourcesBuildPhase section */

/* Begin PBXVariantGroup section */
		A9D014232817D1FE0033ED46 /* Main.storyboard */ = {
			isa = PBXVariantGroup;
			children = (
				A9D014242817D1FE0033ED46 /* Base */,
			);
			name = Main.storyboard;
			sourceTree = "<group>";
		};
		A9D0142B2817D1FF0033ED46 /* LaunchScreen.storyboard */ = {
			isa = PBXVariantGroup;
			children = (
				A9D0142C2817D1FF0033ED46 /* Base */,
			);
			name = LaunchScreen.storyboard;
			sourceTree = "<group>";
		};
		A9D014362818BDF50033ED46 /* Selection.storyboard */ = {
			isa = PBXVariantGroup;
			children = (
				A9D014372818BDF50033ED46 /* Base */,
			);
			name = Selection.storyboard;
			sourceTree = "<group>";
		};
		A9D014452818D2360033ED46 /* AddItem.storyboard */ = {
			isa = PBXVariantGroup;
			children = (
				A9D014462818D2360033ED46 /* Base */,
			);
			name = AddItem.storyboard;
			sourceTree = "<group>";
		};
		A9D0144F281A824F0033ED46 /* Detail.storyboard */ = {
			isa = PBXVariantGroup;
			children = (
				A9D01450281A824F0033ED46 /* Base */,
			);
			name = Detail.storyboard;
			sourceTree = "<group>";
		};
/* End PBXVariantGroup section */

/* Begin XCBuildConfiguration section */
		A9D0142F2817D1FF0033ED46 /* Debug */ = {
			isa = XCBuildConfiguration;
			buildSettings = {
				ALWAYS_SEARCH_USER_PATHS = NO;
				CLANG_ANALYZER_NONNULL = YES;
				CLANG_ANALYZER_NUMBER_OBJECT_CONVERSION = YES_AGGRESSIVE;
				CLANG_CXX_LANGUAGE_STANDARD = "gnu++17";
				CLANG_CXX_LIBRARY = "libc++";
				CLANG_ENABLE_MODULES = YES;
				CLANG_ENABLE_OBJC_ARC = YES;
				CLANG_ENABLE_OBJC_WEAK = YES;
				CLANG_WARN_BLOCK_CAPTURE_AUTORELEASING = YES;
				CLANG_WARN_BOOL_CONVERSION = YES;
				CLANG_WARN_COMMA = YES;
				CLANG_WARN_CONSTANT_CONVERSION = YES;
				CLANG_WARN_DEPRECATED_OBJC_IMPLEMENTATIONS = YES;
				CLANG_WARN_DIRECT_OBJC_ISA_USAGE = YES_ERROR;
				CLANG_WARN_DOCUMENTATION_COMMENTS = YES;
				CLANG_WARN_EMPTY_BODY = YES;
				CLANG_WARN_ENUM_CONVERSION = YES;
				CLANG_WARN_INFINITE_RECURSION = YES;
				CLANG_WARN_INT_CONVERSION = YES;
				CLANG_WARN_NON_LITERAL_NULL_CONVERSION = YES;
				CLANG_WARN_OBJC_IMPLICIT_RETAIN_SELF = YES;
				CLANG_WARN_OBJC_LITERAL_CONVERSION = YES;
				CLANG_WARN_OBJC_ROOT_CLASS = YES_ERROR;
				CLANG_WARN_QUOTED_INCLUDE_IN_FRAMEWORK_HEADER = YES;
				CLANG_WARN_RANGE_LOOP_ANALYSIS = YES;
				CLANG_WARN_STRICT_PROTOTYPES = YES;
				CLANG_WARN_SUSPICIOUS_MOVE = YES;
				CLANG_WARN_UNGUARDED_AVAILABILITY = YES_AGGRESSIVE;
				CLANG_WARN_UNREACHABLE_CODE = YES;
				CLANG_WARN__DUPLICATE_METHOD_MATCH = YES;
				COPY_PHASE_STRIP = NO;
				DEBUG_INFORMATION_FORMAT = dwarf;
				ENABLE_STRICT_OBJC_MSGSEND = YES;
				ENABLE_TESTABILITY = YES;
				GCC_C_LANGUAGE_STANDARD = gnu11;
				GCC_DYNAMIC_NO_PIC = NO;
				GCC_NO_COMMON_BLOCKS = YES;
				GCC_OPTIMIZATION_LEVEL = 0;
				GCC_PREPROCESSOR_DEFINITIONS = (
					"DEBUG=1",
					"$(inherited)",
				);
				GCC_WARN_64_TO_32_BIT_CONVERSION = YES;
				GCC_WARN_ABOUT_RETURN_TYPE = YES_ERROR;
				GCC_WARN_UNDECLARED_SELECTOR = YES;
				GCC_WARN_UNINITIALIZED_AUTOS = YES_AGGRESSIVE;
				GCC_WARN_UNUSED_FUNCTION = YES;
				GCC_WARN_UNUSED_VARIABLE = YES;
				IPHONEOS_DEPLOYMENT_TARGET = 15.2;
				MTL_ENABLE_DEBUG_INFO = INCLUDE_SOURCE;
				MTL_FAST_MATH = YES;
				ONLY_ACTIVE_ARCH = YES;
				SDKROOT = iphoneos;
				SWIFT_ACTIVE_COMPILATION_CONDITIONS = DEBUG;
				SWIFT_OPTIMIZATION_LEVEL = "-Onone";
			};
			name = Debug;
		};
		A9D014302817D1FF0033ED46 /* Release */ = {
			isa = XCBuildConfiguration;
			buildSettings = {
				ALWAYS_SEARCH_USER_PATHS = NO;
				CLANG_ANALYZER_NONNULL = YES;
				CLANG_ANALYZER_NUMBER_OBJECT_CONVERSION = YES_AGGRESSIVE;
				CLANG_CXX_LANGUAGE_STANDARD = "gnu++17";
				CLANG_CXX_LIBRARY = "libc++";
				CLANG_ENABLE_MODULES = YES;
				CLANG_ENABLE_OBJC_ARC = YES;
				CLANG_ENABLE_OBJC_WEAK = YES;
				CLANG_WARN_BLOCK_CAPTURE_AUTORELEASING = YES;
				CLANG_WARN_BOOL_CONVERSION = YES;
				CLANG_WARN_COMMA = YES;
				CLANG_WARN_CONSTANT_CONVERSION = YES;
				CLANG_WARN_DEPRECATED_OBJC_IMPLEMENTATIONS = YES;
				CLANG_WARN_DIRECT_OBJC_ISA_USAGE = YES_ERROR;
				CLANG_WARN_DOCUMENTATION_COMMENTS = YES;
				CLANG_WARN_EMPTY_BODY = YES;
				CLANG_WARN_ENUM_CONVERSION = YES;
				CLANG_WARN_INFINITE_RECURSION = YES;
				CLANG_WARN_INT_CONVERSION = YES;
				CLANG_WARN_NON_LITERAL_NULL_CONVERSION = YES;
				CLANG_WARN_OBJC_IMPLICIT_RETAIN_SELF = YES;
				CLANG_WARN_OBJC_LITERAL_CONVERSION = YES;
				CLANG_WARN_OBJC_ROOT_CLASS = YES_ERROR;
				CLANG_WARN_QUOTED_INCLUDE_IN_FRAMEWORK_HEADER = YES;
				CLANG_WARN_RANGE_LOOP_ANALYSIS = YES;
				CLANG_WARN_STRICT_PROTOTYPES = YES;
				CLANG_WARN_SUSPICIOUS_MOVE = YES;
				CLANG_WARN_UNGUARDED_AVAILABILITY = YES_AGGRESSIVE;
				CLANG_WARN_UNREACHABLE_CODE = YES;
				CLANG_WARN__DUPLICATE_METHOD_MATCH = YES;
				COPY_PHASE_STRIP = NO;
				DEBUG_INFORMATION_FORMAT = "dwarf-with-dsym";
				ENABLE_NS_ASSERTIONS = NO;
				ENABLE_STRICT_OBJC_MSGSEND = YES;
				GCC_C_LANGUAGE_STANDARD = gnu11;
				GCC_NO_COMMON_BLOCKS = YES;
				GCC_WARN_64_TO_32_BIT_CONVERSION = YES;
				GCC_WARN_ABOUT_RETURN_TYPE = YES_ERROR;
				GCC_WARN_UNDECLARED_SELECTOR = YES;
				GCC_WARN_UNINITIALIZED_AUTOS = YES_AGGRESSIVE;
				GCC_WARN_UNUSED_FUNCTION = YES;
				GCC_WARN_UNUSED_VARIABLE = YES;
				IPHONEOS_DEPLOYMENT_TARGET = 15.2;
				MTL_ENABLE_DEBUG_INFO = NO;
				MTL_FAST_MATH = YES;
				SDKROOT = iphoneos;
				SWIFT_COMPILATION_MODE = wholemodule;
				SWIFT_OPTIMIZATION_LEVEL = "-O";
				VALIDATE_PRODUCT = YES;
			};
			name = Release;
		};
		A9D014322817D1FF0033ED46 /* Debug */ = {
			isa = XCBuildConfiguration;
			buildSettings = {
				ASSETCATALOG_COMPILER_APPICON_NAME = AppIcon;
				ASSETCATALOG_COMPILER_GLOBAL_ACCENT_COLOR_NAME = AccentColor;
				CODE_SIGN_STYLE = Automatic;
				CURRENT_PROJECT_VERSION = 1;
				DEVELOPMENT_TEAM = P7PL5J4AMN;
				GENERATE_INFOPLIST_FILE = YES;
				INFOPLIST_FILE = Kaipa/Info.plist;
				INFOPLIST_KEY_NSPhotoLibraryUsageDescription = "Allow access your photo library permission.";
				INFOPLIST_KEY_UIApplicationSupportsIndirectInputEvents = YES;
				INFOPLIST_KEY_UILaunchStoryboardName = LaunchScreen;
				INFOPLIST_KEY_UIMainStoryboardFile = Main;
				INFOPLIST_KEY_UISupportedInterfaceOrientations_iPad = "UIInterfaceOrientationPortrait UIInterfaceOrientationPortraitUpsideDown UIInterfaceOrientationLandscapeLeft UIInterfaceOrientationLandscapeRight";
				INFOPLIST_KEY_UISupportedInterfaceOrientations_iPhone = "UIInterfaceOrientationPortrait UIInterfaceOrientationLandscapeLeft UIInterfaceOrientationLandscapeRight";
				LD_RUNPATH_SEARCH_PATHS = (
					"$(inherited)",
					"@executable_path/Frameworks",
				);
				MARKETING_VERSION = 1.0;
				PRODUCT_BUNDLE_IDENTIFIER = arielwaraney.personal.Kaipa;
				PRODUCT_NAME = "$(TARGET_NAME)";
				SWIFT_EMIT_LOC_STRINGS = YES;
				SWIFT_VERSION = 5.0;
				TARGETED_DEVICE_FAMILY = "1,2";
			};
			name = Debug;
		};
		A9D014332817D1FF0033ED46 /* Release */ = {
			isa = XCBuildConfiguration;
			buildSettings = {
				ASSETCATALOG_COMPILER_APPICON_NAME = AppIcon;
				ASSETCATALOG_COMPILER_GLOBAL_ACCENT_COLOR_NAME = AccentColor;
				CODE_SIGN_STYLE = Automatic;
				CURRENT_PROJECT_VERSION = 1;
				DEVELOPMENT_TEAM = P7PL5J4AMN;
				GENERATE_INFOPLIST_FILE = YES;
				INFOPLIST_FILE = Kaipa/Info.plist;
				INFOPLIST_KEY_NSPhotoLibraryUsageDescription = "Allow access your photo library permission.";
				INFOPLIST_KEY_UIApplicationSupportsIndirectInputEvents = YES;
				INFOPLIST_KEY_UILaunchStoryboardName = LaunchScreen;
				INFOPLIST_KEY_UIMainStoryboardFile = Main;
				INFOPLIST_KEY_UISupportedInterfaceOrientations_iPad = "UIInterfaceOrientationPortrait UIInterfaceOrientationPortraitUpsideDown UIInterfaceOrientationLandscapeLeft UIInterfaceOrientationLandscapeRight";
				INFOPLIST_KEY_UISupportedInterfaceOrientations_iPhone = "UIInterfaceOrientationPortrait UIInterfaceOrientationLandscapeLeft UIInterfaceOrientationLandscapeRight";
				LD_RUNPATH_SEARCH_PATHS = (
					"$(inherited)",
					"@executable_path/Frameworks",
				);
				MARKETING_VERSION = 1.0;
				PRODUCT_BUNDLE_IDENTIFIER = arielwaraney.personal.Kaipa;
				PRODUCT_NAME = "$(TARGET_NAME)";
				SWIFT_EMIT_LOC_STRINGS = YES;
				SWIFT_VERSION = 5.0;
				TARGETED_DEVICE_FAMILY = "1,2";
			};
			name = Release;
		};
/* End XCBuildConfiguration section */

/* Begin XCConfigurationList section */
		A9D014152817D1FE0033ED46 /* Build configuration list for PBXProject "Kaipa" */ = {
			isa = XCConfigurationList;
			buildConfigurations = (
				A9D0142F2817D1FF0033ED46 /* Debug */,
				A9D014302817D1FF0033ED46 /* Release */,
			);
			defaultConfigurationIsVisible = 0;
			defaultConfigurationName = Release;
		};
		A9D014312817D1FF0033ED46 /* Build configuration list for PBXNativeTarget "Kaipa" */ = {
			isa = XCConfigurationList;
			buildConfigurations = (
				A9D014322817D1FF0033ED46 /* Debug */,
				A9D014332817D1FF0033ED46 /* Release */,
			);
			defaultConfigurationIsVisible = 0;
			defaultConfigurationName = Release;
		};
/* End XCConfigurationList section */

/* Begin XCVersionGroup section */
		A9D0144C28194B140033ED46 /* Kaipa.xcdatamodeld */ = {
			isa = XCVersionGroup;
			children = (
				A9D0144D28194B140033ED46 /* Kaipa.xcdatamodel */,
			);
			currentVersion = A9D0144D28194B140033ED46 /* Kaipa.xcdatamodel */;
			path = Kaipa.xcdatamodeld;
			sourceTree = "<group>";
			versionGroupType = wrapper.xcdatamodel;
		};
/* End XCVersionGroup section */
	};
	rootObject = A9D014122817D1FE0033ED46 /* Project object */;
}
